
Microsoft Visual Studio Solution File, Format Version 12.00
# Visual Studio 15
VisualStudioVersion = 15.0.26430.6
MinimumVisualStudioVersion = 10.0.40219.1
Project("{FAE04EC0-301F-11D3-BF4B-00C04F79EFBC}") = "Hanssens.Net", "src\Hanssens.Net\Hanssens.Net.csproj", "{FA8B6C28-EE4A-46BA-8672-3F9DD2B3ACD6}"
EndProject
Project("{FAE04EC0-301F-11D3-BF4B-00C04F79EFBC}") = "Hanssens.Net.Tests", "test\Hanssens.Net.Tests\Hanssens.Net.Tests.csproj", "{A20D44CD-5E99-4A78-A484-B60196033029}"
EndProject
Global
	GlobalSection(SolutionConfigurationPlatforms) = preSolution
		Debug|Any CPU = Debug|Any CPU
		Release|Any CPU = Release|Any CPU
	EndGlobalSection
	GlobalSection(ProjectConfigurationPlatforms) = postSolution
		{FA8B6C28-EE4A-46BA-8672-3F9DD2B3ACD6}.Debug|Any CPU.ActiveCfg = Debug|Any CPU
		{FA8B6C28-EE4A-46BA-8672-3F9DD2B3ACD6}.Debug|Any CPU.Build.0 = Debug|Any CPU
		{FA8B6C28-EE4A-46BA-8672-3F9DD2B3ACD6}.Release|Any CPU.ActiveCfg = Release|Any CPU
		{FA8B6C28-EE4A-46BA-8672-3F9DD2B3ACD6}.Release|Any CPU.Build.0 = Release|Any CPU
		{A20D44CD-5E99-4A78-A484-B60196033029}.Debug|Any CPU.ActiveCfg = Debug|Any CPU
		{A20D44CD-5E99-4A78-A484-B60196033029}.Debug|Any CPU.Build.0 = Debug|Any CPU
		{A20D44CD-5E99-4A78-A484-B60196033029}.Release|Any CPU.ActiveCfg = Release|Any CPU
		{A20D44CD-5E99-4A78-A484-B60196033029}.Release|Any CPU.Build.0 = Release|Any CPU
	EndGlobalSection
	GlobalSection(SolutionProperties) = preSolution
		HideSolutionNode = FALSE
	EndGlobalSection
EndGlobal
